
Microsoft Visual Studio Solution File, Format Version 12.00
# Visual Studio 14
VisualStudioVersion = 14.0.25420.1
MinimumVisualStudioVersion = 10.0.40219.1
Project("{FAE04EC0-301F-11D3-BF4B-00C04F79EFBC}") = "WFA.PDFHelper", "WFA-PDFHelper\WFA.PDFHelper.csproj", "{72A40AF6-282C-44EF-8B2C-A5EEC148C4F7}"
EndProject
Project("{FAE04EC0-301F-11D3-BF4B-00C04F79EFBC}") = "IMG2PDF", "IMG2PDF\IMG2PDF.csproj", "{F42BF853-AB0B-48EB-8333-2D4F53B622AA}"
EndProject
Project("{FAE04EC0-301F-11D3-BF4B-00C04F79EFBC}") = "UtilityLib", "UtilityLib\UtilityLib.csproj", "{B4A79F70-8D7B-4E9F-A156-F325F46BCBAF}"
EndProject
Project("{FAE04EC0-301F-11D3-BF4B-00C04F79EFBC}") = "PDF2IMG", "PDF2IMG\PDF2IMG.csproj", "{9709B23D-3BE1-4733-B7E0-1D0E3A26D3B3}"
EndProject
Project("{FAE04EC0-301F-11D3-BF4B-00C04F79EFBC}") = "WFA-PlugIn", "WFA-PlugIn\WFA-PlugIn.csproj", "{C1311BB4-79C4-4610-9E6C-E2DA40E438AD}"
EndProject
Project("{FAE04EC0-301F-11D3-BF4B-00C04F79EFBC}") = "ScrollBarLibrary", "ScrollBar\ScrollBarLibrary.csproj", "{DEBD757C-4D28-446F-BB34-FC366052EFFA}"
EndProject
Project("{FAE04EC0-301F-11D3-BF4B-00C04F79EFBC}") = "CustomControls", "D:\Users\po.klinmala\Downloads\Compressed\Custom-Scrollbar-master\Custom-Scrollbar-master\CustomControls\CustomControls.csproj", "{5B85E2D7-2005-4496-B5D7-59C68A1EC91D}"
EndProject
Project("{FAE04EC0-301F-11D3-BF4B-00C04F79EFBC}") = "GROUPIMG", "GROUPIMG\GROUPIMG.csproj", "{6F8DDAB9-3C6C-4667-B8FF-F4204E185CA6}"
EndProject
Global
	GlobalSection(SolutionConfigurationPlatforms) = preSolution
		Debug|Any CPU = Debug|Any CPU
		Release|Any CPU = Release|Any CPU
	EndGlobalSection
	GlobalSection(ProjectConfigurationPlatforms) = postSolution
		{72A40AF6-282C-44EF-8B2C-A5EEC148C4F7}.Debug|Any CPU.ActiveCfg = Debug|Any CPU
		{72A40AF6-282C-44EF-8B2C-A5EEC148C4F7}.Debug|Any CPU.Build.0 = Debug|Any CPU
		{72A40AF6-282C-44EF-8B2C-A5EEC148C4F7}.Release|Any CPU.ActiveCfg = Release|Any CPU
		{72A40AF6-282C-44EF-8B2C-A5EEC148C4F7}.Release|Any CPU.Build.0 = Release|Any CPU
		{F42BF853-AB0B-48EB-8333-2D4F53B622AA}.Debug|Any CPU.ActiveCfg = Debug|Any CPU
		{F42BF853-AB0B-48EB-8333-2D4F53B622AA}.Debug|Any CPU.Build.0 = Debug|Any CPU
		{F42BF853-AB0B-48EB-8333-2D4F53B622AA}.Release|Any CPU.ActiveCfg = Release|Any CPU
		{F42BF853-AB0B-48EB-8333-2D4F53B622AA}.Release|Any CPU.Build.0 = Release|Any CPU
		{B4A79F70-8D7B-4E9F-A156-F325F46BCBAF}.Debug|Any CPU.ActiveCfg = Debug|Any CPU
		{B4A79F70-8D7B-4E9F-A156-F325F46BCBAF}.Debug|Any CPU.Build.0 = Debug|Any CPU
		{B4A79F70-8D7B-4E9F-A156-F325F46BCBAF}.Release|Any CPU.ActiveCfg = Release|Any CPU
		{B4A79F70-8D7B-4E9F-A156-F325F46BCBAF}.Release|Any CPU.Build.0 = Release|Any CPU
		{9709B23D-3BE1-4733-B7E0-1D0E3A26D3B3}.Debug|Any CPU.ActiveCfg = Debug|Any CPU
		{9709B23D-3BE1-4733-B7E0-1D0E3A26D3B3}.Debug|Any CPU.Build.0 = Debug|Any CPU
		{9709B23D-3BE1-4733-B7E0-1D0E3A26D3B3}.Release|Any CPU.ActiveCfg = Release|Any CPU
		{9709B23D-3BE1-4733-B7E0-1D0E3A26D3B3}.Release|Any CPU.Build.0 = Release|Any CPU
		{C1311BB4-79C4-4610-9E6C-E2DA40E438AD}.Debug|Any CPU.ActiveCfg = Debug|Any CPU
		{C1311BB4-79C4-4610-9E6C-E2DA40E438AD}.Debug|Any CPU.Build.0 = Debug|Any CPU
		{C1311BB4-79C4-4610-9E6C-E2DA40E438AD}.Release|Any CPU.ActiveCfg = Release|Any CPU
		{C1311BB4-79C4-4610-9E6C-E2DA40E438AD}.Release|Any CPU.Build.0 = Release|Any CPU
		{DEBD757C-4D28-446F-BB34-FC366052EFFA}.Debug|Any CPU.ActiveCfg = Debug|Any CPU
		{DEBD757C-4D28-446F-BB34-FC366052EFFA}.Debug|Any CPU.Build.0 = Debug|Any CPU
		{DEBD757C-4D28-446F-BB34-FC366052EFFA}.Release|Any CPU.ActiveCfg = Release|Any CPU
		{DEBD757C-4D28-446F-BB34-FC366052EFFA}.Release|Any CPU.Build.0 = Release|Any CPU
		{5B85E2D7-2005-4496-B5D7-59C68A1EC91D}.Debug|Any CPU.ActiveCfg = Debug|Any CPU
		{5B85E2D7-2005-4496-B5D7-59C68A1EC91D}.Debug|Any CPU.Build.0 = Debug|Any CPU
		{5B85E2D7-2005-4496-B5D7-59C68A1EC91D}.Release|Any CPU.ActiveCfg = Release|Any CPU
		{5B85E2D7-2005-4496-B5D7-59C68A1EC91D}.Release|Any CPU.Build.0 = Release|Any CPU
		{6F8DDAB9-3C6C-4667-B8FF-F4204E185CA6}.Debug|Any CPU.ActiveCfg = Debug|Any CPU
		{6F8DDAB9-3C6C-4667-B8FF-F4204E185CA6}.Debug|Any CPU.Build.0 = Debug|Any CPU
		{6F8DDAB9-3C6C-4667-B8FF-F4204E185CA6}.Release|Any CPU.ActiveCfg = Release|Any CPU
		{6F8DDAB9-3C6C-4667-B8FF-F4204E185CA6}.Release|Any CPU.Build.0 = Release|Any CPU
	EndGlobalSection
	GlobalSection(SolutionProperties) = preSolution
		HideSolutionNode = FALSE
	EndGlobalSection
EndGlobal
